// !$*UTF8*$!
{
	archiveVersion = 1;
	classes = {
	};
	objectVersion = 46;
	objects = {

/* Begin PBXBuildFile section */
		07338FF929DEEC00A3435C8F /* Pods_RxSwiftSampleTests.framework in Frameworks */ = {isa = PBXBuildFile; fileRef = F27B657CC0E0FEDF4F0810DB /* Pods_RxSwiftSampleTests.framework */; };
		C78253FA0364CAD03A2E1540 /* Pods_RxSwiftSampleUITests.framework in Frameworks */ = {isa = PBXBuildFile; fileRef = 730C37E5B9DA59357F6320CD /* Pods_RxSwiftSampleUITests.framework */; };
		D1475F8B0C49FDB11B69208D /* Pods_RxSwiftSample.framework in Frameworks */ = {isa = PBXBuildFile; fileRef = 20CF714F7A414F2ACE49E434 /* Pods_RxSwiftSample.framework */; };
		F467C9831DAA4042007C88F3 /* TapQueue.swift in Sources */ = {isa = PBXBuildFile; fileRef = F467C9821DAA4042007C88F3 /* TapQueue.swift */; };
		F4D102791DA8BBA9004504C0 /* AppDelegate.swift in Sources */ = {isa = PBXBuildFile; fileRef = F4D102781DA8BBA9004504C0 /* AppDelegate.swift */; };
		F4D1027B1DA8BBA9004504C0 /* ViewController.swift in Sources */ = {isa = PBXBuildFile; fileRef = F4D1027A1DA8BBA9004504C0 /* ViewController.swift */; };
		F4D1027E1DA8BBA9004504C0 /* Main.storyboard in Resources */ = {isa = PBXBuildFile; fileRef = F4D1027C1DA8BBA9004504C0 /* Main.storyboard */; };
		F4D102801DA8BBA9004504C0 /* Assets.xcassets in Resources */ = {isa = PBXBuildFile; fileRef = F4D1027F1DA8BBA9004504C0 /* Assets.xcassets */; };
		F4D102831DA8BBA9004504C0 /* LaunchScreen.storyboard in Resources */ = {isa = PBXBuildFile; fileRef = F4D102811DA8BBA9004504C0 /* LaunchScreen.storyboard */; };
		F4D1028E1DA8BBA9004504C0 /* RxSwiftSampleTests.swift in Sources */ = {isa = PBXBuildFile; fileRef = F4D1028D1DA8BBA9004504C0 /* RxSwiftSampleTests.swift */; };
		F4D102991DA8BBA9004504C0 /* RxSwiftSampleUITests.swift in Sources */ = {isa = PBXBuildFile; fileRef = F4D102981DA8BBA9004504C0 /* RxSwiftSampleUITests.swift */; };
/* End PBXBuildFile section */

/* Begin PBXContainerItemProxy section */
		F4D1028A1DA8BBA9004504C0 /* PBXContainerItemProxy */ = {
			isa = PBXContainerItemProxy;
			containerPortal = F4D1026D1DA8BBA9004504C0 /* Project object */;
			proxyType = 1;
			remoteGlobalIDString = F4D102741DA8BBA9004504C0;
			remoteInfo = RxSwiftSample;
		};
		F4D102951DA8BBA9004504C0 /* PBXContainerItemProxy */ = {
			isa = PBXContainerItemProxy;
			containerPortal = F4D1026D1DA8BBA9004504C0 /* Project object */;
			proxyType = 1;
			remoteGlobalIDString = F4D102741DA8BBA9004504C0;
			remoteInfo = RxSwiftSample;
		};
/* End PBXContainerItemProxy section */

/* Begin PBXFileReference section */
		18DDD970175755E31E1F7B7A /* Pods-RxSwiftSample.release.xcconfig */ = {isa = PBXFileReference; includeInIndex = 1; lastKnownFileType = text.xcconfig; name = "Pods-RxSwiftSample.release.xcconfig"; path = "Pods/Target Support Files/Pods-RxSwiftSample/Pods-RxSwiftSample.release.xcconfig"; sourceTree = "<group>"; };
		20CF714F7A414F2ACE49E434 /* Pods_RxSwiftSample.framework */ = {isa = PBXFileReference; explicitFileType = wrapper.framework; includeInIndex = 0; path = Pods_RxSwiftSample.framework; sourceTree = BUILT_PRODUCTS_DIR; };
		23A86710A63412467AD4F8B0 /* Pods-RxSwiftSampleTests.release.xcconfig */ = {isa = PBXFileReference; includeInIndex = 1; lastKnownFileType = text.xcconfig; name = "Pods-RxSwiftSampleTests.release.xcconfig"; path = "Pods/Target Support Files/Pods-RxSwiftSampleTests/Pods-RxSwiftSampleTests.release.xcconfig"; sourceTree = "<group>"; };
		4B120C931F3F8242DA6B80CB /* Pods-RxSwiftSampleUITests.debug.xcconfig */ = {isa = PBXFileReference; includeInIndex = 1; lastKnownFileType = text.xcconfig; name = "Pods-RxSwiftSampleUITests.debug.xcconfig"; path = "Pods/Target Support Files/Pods-RxSwiftSampleUITests/Pods-RxSwiftSampleUITests.debug.xcconfig"; sourceTree = "<group>"; };
		730C37E5B9DA59357F6320CD /* Pods_RxSwiftSampleUITests.framework */ = {isa = PBXFileReference; explicitFileType = wrapper.framework; includeInIndex = 0; path = Pods_RxSwiftSampleUITests.framework; sourceTree = BUILT_PRODUCTS_DIR; };
		A47BBC93719432A6BBDBBDCD /* Pods-RxSwiftSampleTests.debug.xcconfig */ = {isa = PBXFileReference; includeInIndex = 1; lastKnownFileType = text.xcconfig; name = "Pods-RxSwiftSampleTests.debug.xcconfig"; path = "Pods/Target Support Files/Pods-RxSwiftSampleTests/Pods-RxSwiftSampleTests.debug.xcconfig"; sourceTree = "<group>"; };
		BD2BF60A834C2615EB1CC1EC /* Pods-RxSwiftSample.debug.xcconfig */ = {isa = PBXFileReference; includeInIndex = 1; lastKnownFileType = text.xcconfig; name = "Pods-RxSwiftSample.debug.xcconfig"; path = "Pods/Target Support Files/Pods-RxSwiftSample/Pods-RxSwiftSample.debug.xcconfig"; sourceTree = "<group>"; };
		E0487B0BC8A65190263E8A76 /* Pods-RxSwiftSampleUITests.release.xcconfig */ = {isa = PBXFileReference; includeInIndex = 1; lastKnownFileType = text.xcconfig; name = "Pods-RxSwiftSampleUITests.release.xcconfig"; path = "Pods/Target Support Files/Pods-RxSwiftSampleUITests/Pods-RxSwiftSampleUITests.release.xcconfig"; sourceTree = "<group>"; };
		F27B657CC0E0FEDF4F0810DB /* Pods_RxSwiftSampleTests.framework */ = {isa = PBXFileReference; explicitFileType = wrapper.framework; includeInIndex = 0; path = Pods_RxSwiftSampleTests.framework; sourceTree = BUILT_PRODUCTS_DIR; };
		F467C9821DAA4042007C88F3 /* TapQueue.swift */ = {isa = PBXFileReference; fileEncoding = 4; lastKnownFileType = sourcecode.swift; path = TapQueue.swift; sourceTree = "<group>"; };
		F4D102751DA8BBA9004504C0 /* RxSwiftSample.app */ = {isa = PBXFileReference; explicitFileType = wrapper.application; includeInIndex = 0; path = RxSwiftSample.app; sourceTree = BUILT_PRODUCTS_DIR; };
		F4D102781DA8BBA9004504C0 /* AppDelegate.swift */ = {isa = PBXFileReference; lastKnownFileType = sourcecode.swift; path = AppDelegate.swift; sourceTree = "<group>"; };
		F4D1027A1DA8BBA9004504C0 /* ViewController.swift */ = {isa = PBXFileReference; lastKnownFileType = sourcecode.swift; path = ViewController.swift; sourceTree = "<group>"; };
		F4D1027D1DA8BBA9004504C0 /* Base */ = {isa = PBXFileReference; lastKnownFileType = file.storyboard; name = Base; path = Base.lproj/Main.storyboard; sourceTree = "<group>"; };
		F4D1027F1DA8BBA9004504C0 /* Assets.xcassets */ = {isa = PBXFileReference; lastKnownFileType = folder.assetcatalog; path = Assets.xcassets; sourceTree = "<group>"; };
		F4D102821DA8BBA9004504C0 /* Base */ = {isa = PBXFileReference; lastKnownFileType = file.storyboard; name = Base; path = Base.lproj/LaunchScreen.storyboard; sourceTree = "<group>"; };
		F4D102841DA8BBA9004504C0 /* Info.plist */ = {isa = PBXFileReference; lastKnownFileType = text.plist.xml; path = Info.plist; sourceTree = "<group>"; };
		F4D102891DA8BBA9004504C0 /* RxSwiftSampleTests.xctest */ = {isa = PBXFileReference; explicitFileType = wrapper.cfbundle; includeInIndex = 0; path = RxSwiftSampleTests.xctest; sourceTree = BUILT_PRODUCTS_DIR; };
		F4D1028D1DA8BBA9004504C0 /* RxSwiftSampleTests.swift */ = {isa = PBXFileReference; lastKnownFileType = sourcecode.swift; path = RxSwiftSampleTests.swift; sourceTree = "<group>"; };
		F4D1028F1DA8BBA9004504C0 /* Info.plist */ = {isa = PBXFileReference; lastKnownFileType = text.plist.xml; path = Info.plist; sourceTree = "<group>"; };
		F4D102941DA8BBA9004504C0 /* RxSwiftSampleUITests.xctest */ = {isa = PBXFileReference; explicitFileType = wrapper.cfbundle; includeInIndex = 0; path = RxSwiftSampleUITests.xctest; sourceTree = BUILT_PRODUCTS_DIR; };
		F4D102981DA8BBA9004504C0 /* RxSwiftSampleUITests.swift */ = {isa = PBXFileReference; lastKnownFileType = sourcecode.swift; path = RxSwiftSampleUITests.swift; sourceTree = "<group>"; };
		F4D1029A1DA8BBA9004504C0 /* Info.plist */ = {isa = PBXFileReference; lastKnownFileType = text.plist.xml; path = Info.plist; sourceTree = "<group>"; };
/* End PBXFileReference section */

/* Begin PBXFrameworksBuildPhase section */
		F4D102721DA8BBA9004504C0 /* Frameworks */ = {
			isa = PBXFrameworksBuildPhase;
			buildActionMask = 2147483647;
			files = (
				D1475F8B0C49FDB11B69208D /* Pods_RxSwiftSample.framework in Frameworks */,
			);
			runOnlyForDeploymentPostprocessing = 0;
		};
		F4D102861DA8BBA9004504C0 /* Frameworks */ = {
			isa = PBXFrameworksBuildPhase;
			buildActionMask = 2147483647;
			files = (
				07338FF929DEEC00A3435C8F /* Pods_RxSwiftSampleTests.framework in Frameworks */,
			);
			runOnlyForDeploymentPostprocessing = 0;
		};
		F4D102911DA8BBA9004504C0 /* Frameworks */ = {
			isa = PBXFrameworksBuildPhase;
			buildActionMask = 2147483647;
			files = (
				C78253FA0364CAD03A2E1540 /* Pods_RxSwiftSampleUITests.framework in Frameworks */,
			);
			runOnlyForDeploymentPostprocessing = 0;
		};
/* End PBXFrameworksBuildPhase section */

/* Begin PBXGroup section */
		AE45581727ED33D5BEA966F4 /* Frameworks */ = {
			isa = PBXGroup;
			children = (
				20CF714F7A414F2ACE49E434 /* Pods_RxSwiftSample.framework */,
				F27B657CC0E0FEDF4F0810DB /* Pods_RxSwiftSampleTests.framework */,
				730C37E5B9DA59357F6320CD /* Pods_RxSwiftSampleUITests.framework */,
			);
			name = Frameworks;
			sourceTree = "<group>";
		};
		C0C6C9DAB1CE135CCDACC7F4 /* Pods */ = {
			isa = PBXGroup;
			children = (
				BD2BF60A834C2615EB1CC1EC /* Pods-RxSwiftSample.debug.xcconfig */,
				18DDD970175755E31E1F7B7A /* Pods-RxSwiftSample.release.xcconfig */,
				A47BBC93719432A6BBDBBDCD /* Pods-RxSwiftSampleTests.debug.xcconfig */,
				23A86710A63412467AD4F8B0 /* Pods-RxSwiftSampleTests.release.xcconfig */,
				4B120C931F3F8242DA6B80CB /* Pods-RxSwiftSampleUITests.debug.xcconfig */,
				E0487B0BC8A65190263E8A76 /* Pods-RxSwiftSampleUITests.release.xcconfig */,
			);
			name = Pods;
			sourceTree = "<group>";
		};
		F4D1026C1DA8BBA9004504C0 = {
			isa = PBXGroup;
			children = (
				F4D102771DA8BBA9004504C0 /* RxSwiftSample */,
				F4D1028C1DA8BBA9004504C0 /* RxSwiftSampleTests */,
				F4D102971DA8BBA9004504C0 /* RxSwiftSampleUITests */,
				F4D102761DA8BBA9004504C0 /* Products */,
				C0C6C9DAB1CE135CCDACC7F4 /* Pods */,
				AE45581727ED33D5BEA966F4 /* Frameworks */,
			);
			sourceTree = "<group>";
		};
		F4D102761DA8BBA9004504C0 /* Products */ = {
			isa = PBXGroup;
			children = (
				F4D102751DA8BBA9004504C0 /* RxSwiftSample.app */,
				F4D102891DA8BBA9004504C0 /* RxSwiftSampleTests.xctest */,
				F4D102941DA8BBA9004504C0 /* RxSwiftSampleUITests.xctest */,
			);
			name = Products;
			sourceTree = "<group>";
		};
		F4D102771DA8BBA9004504C0 /* RxSwiftSample */ = {
			isa = PBXGroup;
			children = (
				F467C9821DAA4042007C88F3 /* TapQueue.swift */,
				F4D102781DA8BBA9004504C0 /* AppDelegate.swift */,
				F4D1027A1DA8BBA9004504C0 /* ViewController.swift */,
				F4D1027C1DA8BBA9004504C0 /* Main.storyboard */,
				F4D1027F1DA8BBA9004504C0 /* Assets.xcassets */,
				F4D102811DA8BBA9004504C0 /* LaunchScreen.storyboard */,
				F4D102841DA8BBA9004504C0 /* Info.plist */,
			);
			path = RxSwiftSample;
			sourceTree = "<group>";
		};
		F4D1028C1DA8BBA9004504C0 /* RxSwiftSampleTests */ = {
			isa = PBXGroup;
			children = (
				F4D1028D1DA8BBA9004504C0 /* RxSwiftSampleTests.swift */,
				F4D1028F1DA8BBA9004504C0 /* Info.plist */,
			);
			path = RxSwiftSampleTests;
			sourceTree = "<group>";
		};
		F4D102971DA8BBA9004504C0 /* RxSwiftSampleUITests */ = {
			isa = PBXGroup;
			children = (
				F4D102981DA8BBA9004504C0 /* RxSwiftSampleUITests.swift */,
				F4D1029A1DA8BBA9004504C0 /* Info.plist */,
			);
			path = RxSwiftSampleUITests;
			sourceTree = "<group>";
		};
/* End PBXGroup section */

/* Begin PBXNativeTarget section */
		F4D102741DA8BBA9004504C0 /* RxSwiftSample */ = {
			isa = PBXNativeTarget;
			buildConfigurationList = F4D1029D1DA8BBA9004504C0 /* Build configuration list for PBXNativeTarget "RxSwiftSample" */;
			buildPhases = (
				A4578D3142CA9E4A8DA130DA /* [CP] Check Pods Manifest.lock */,
				F4D102711DA8BBA9004504C0 /* Sources */,
				F4D102721DA8BBA9004504C0 /* Frameworks */,
				F4D102731DA8BBA9004504C0 /* Resources */,
				03FC4FCA4D93A87723D92D1F /* [CP] Embed Pods Frameworks */,
				031AF9AD3BC874B2097D5803 /* [CP] Copy Pods Resources */,
			);
			buildRules = (
			);
			dependencies = (
			);
			name = RxSwiftSample;
			productName = RxSwiftSample;
			productReference = F4D102751DA8BBA9004504C0 /* RxSwiftSample.app */;
			productType = "com.apple.product-type.application";
		};
		F4D102881DA8BBA9004504C0 /* RxSwiftSampleTests */ = {
			isa = PBXNativeTarget;
			buildConfigurationList = F4D102A01DA8BBA9004504C0 /* Build configuration list for PBXNativeTarget "RxSwiftSampleTests" */;
			buildPhases = (
				F7C312CB414F6748EE0D6257 /* [CP] Check Pods Manifest.lock */,
				F4D102851DA8BBA9004504C0 /* Sources */,
				F4D102861DA8BBA9004504C0 /* Frameworks */,
				F4D102871DA8BBA9004504C0 /* Resources */,
				D341F39435D192F83CA1AAEE /* [CP] Embed Pods Frameworks */,
				9DA16C44D8628B2FC23CEAB1 /* [CP] Copy Pods Resources */,
			);
			buildRules = (
			);
			dependencies = (
				F4D1028B1DA8BBA9004504C0 /* PBXTargetDependency */,
			);
			name = RxSwiftSampleTests;
			productName = RxSwiftSampleTests;
			productReference = F4D102891DA8BBA9004504C0 /* RxSwiftSampleTests.xctest */;
			productType = "com.apple.product-type.bundle.unit-test";
		};
		F4D102931DA8BBA9004504C0 /* RxSwiftSampleUITests */ = {
			isa = PBXNativeTarget;
			buildConfigurationList = F4D102A31DA8BBA9004504C0 /* Build configuration list for PBXNativeTarget "RxSwiftSampleUITests" */;
			buildPhases = (
				8FF55427D1BF89BA286BDB62 /* [CP] Check Pods Manifest.lock */,
				F4D102901DA8BBA9004504C0 /* Sources */,
				F4D102911DA8BBA9004504C0 /* Frameworks */,
				F4D102921DA8BBA9004504C0 /* Resources */,
				2AC1182D4B66A53201C0BBBD /* [CP] Copy Pods Resources */,
			);
			buildRules = (
			);
			dependencies = (
				F4D102961DA8BBA9004504C0 /* PBXTargetDependency */,
			);
			name = RxSwiftSampleUITests;
			productName = RxSwiftSampleUITests;
			productReference = F4D102941DA8BBA9004504C0 /* RxSwiftSampleUITests.xctest */;
			productType = "com.apple.product-type.bundle.ui-testing";
		};
/* End PBXNativeTarget section */

/* Begin PBXProject section */
		F4D1026D1DA8BBA9004504C0 /* Project object */ = {
			isa = PBXProject;
			attributes = {
				LastSwiftUpdateCheck = 0730;
				LastUpgradeCheck = 0730;
				ORGANIZATIONNAME = grachro;
				TargetAttributes = {
					F4D102741DA8BBA9004504C0 = {
						CreatedOnToolsVersion = 7.3.1;
					};
					F4D102881DA8BBA9004504C0 = {
						CreatedOnToolsVersion = 7.3.1;
						TestTargetID = F4D102741DA8BBA9004504C0;
					};
					F4D102931DA8BBA9004504C0 = {
						CreatedOnToolsVersion = 7.3.1;
						TestTargetID = F4D102741DA8BBA9004504C0;
					};
				};
			};
			buildConfigurationList = F4D102701DA8BBA9004504C0 /* Build configuration list for PBXProject "RxSwiftSample" */;
			compatibilityVersion = "Xcode 3.2";
			developmentRegion = English;
			hasScannedForEncodings = 0;
			knownRegions = (
				en,
				Base,
			);
			mainGroup = F4D1026C1DA8BBA9004504C0;
			productRefGroup = F4D102761DA8BBA9004504C0 /* Products */;
			projectDirPath = "";
			projectRoot = "";
			targets = (
				F4D102741DA8BBA9004504C0 /* RxSwiftSample */,
				F4D102881DA8BBA9004504C0 /* RxSwiftSampleTests */,
				F4D102931DA8BBA9004504C0 /* RxSwiftSampleUITests */,
			);
		};
/* End PBXProject section */

/* Begin PBXResourcesBuildPhase section */
		F4D102731DA8BBA9004504C0 /* Resources */ = {
			isa = PBXResourcesBuildPhase;
			buildActionMask = 2147483647;
			files = (
				F4D102831DA8BBA9004504C0 /* LaunchScreen.storyboard in Resources */,
				F4D102801DA8BBA9004504C0 /* Assets.xcassets in Resources */,
				F4D1027E1DA8BBA9004504C0 /* Main.storyboard in Resources */,
			);
			runOnlyForDeploymentPostprocessing = 0;
		};
		F4D102871DA8BBA9004504C0 /* Resources */ = {
			isa = PBXResourcesBuildPhase;
			buildActionMask = 2147483647;
			files = (
			);
			runOnlyForDeploymentPostprocessing = 0;
		};
		F4D102921DA8BBA9004504C0 /* Resources */ = {
			isa = PBXResourcesBuildPhase;
			buildActionMask = 2147483647;
			files = (
			);
			runOnlyForDeploymentPostprocessing = 0;
		};
/* End PBXResourcesBuildPhase section */

/* Begin PBXShellScriptBuildPhase section */
		031AF9AD3BC874B2097D5803 /* [CP] Copy Pods Resources */ = {
			isa = PBXShellScriptBuildPhase;
			buildActionMask = 2147483647;
			files = (
			);
			inputPaths = (
			);
			name = "[CP] Copy Pods Resources";
			outputPaths = (
			);
			runOnlyForDeploymentPostprocessing = 0;
			shellPath = /bin/sh;
			shellScript = "\"${SRCROOT}/Pods/Target Support Files/Pods-RxSwiftSample/Pods-RxSwiftSample-resources.sh\"\n";
			showEnvVarsInLog = 0;
		};
		03FC4FCA4D93A87723D92D1F /* [CP] Embed Pods Frameworks */ = {
			isa = PBXShellScriptBuildPhase;
			buildActionMask = 2147483647;
			files = (
			);
			inputPaths = (
			);
			name = "[CP] Embed Pods Frameworks";
			outputPaths = (
			);
			runOnlyForDeploymentPostprocessing = 0;
			shellPath = /bin/sh;
			shellScript = "\"${SRCROOT}/Pods/Target Support Files/Pods-RxSwiftSample/Pods-RxSwiftSample-frameworks.sh\"\n";
			showEnvVarsInLog = 0;
		};
		2AC1182D4B66A53201C0BBBD /* [CP] Copy Pods Resources */ = {
			isa = PBXShellScriptBuildPhase;
			buildActionMask = 2147483647;
			files = (
			);
			inputPaths = (
			);
			name = "[CP] Copy Pods Resources";
			outputPaths = (
			);
			runOnlyForDeploymentPostprocessing = 0;
			shellPath = /bin/sh;
			shellScript = "\"${SRCROOT}/Pods/Target Support Files/Pods-RxSwiftSampleUITests/Pods-RxSwiftSampleUITests-resources.sh\"\n";
			showEnvVarsInLog = 0;
		};
		8FF55427D1BF89BA286BDB62 /* [CP] Check Pods Manifest.lock */ = {
			isa = PBXShellScriptBuildPhase;
			buildActionMask = 2147483647;
			files = (
			);
			inputPaths = (
			);
			name = "[CP] Check Pods Manifest.lock";
			outputPaths = (
			);
			runOnlyForDeploymentPostprocessing = 0;
			shellPath = /bin/sh;
			shellScript = "diff \"${PODS_ROOT}/../Podfile.lock\" \"${PODS_ROOT}/Manifest.lock\" > /dev/null\nif [[ $? != 0 ]] ; then\n    cat << EOM\nerror: The sandbox is not in sync with the Podfile.lock. Run 'pod install' or update your CocoaPods installation.\nEOM\n    exit 1\nfi\n";
			showEnvVarsInLog = 0;
		};
		9DA16C44D8628B2FC23CEAB1 /* [CP] Copy Pods Resources */ = {
			isa = PBXShellScriptBuildPhase;
			buildActionMask = 2147483647;
			files = (
			);
			inputPaths = (
			);
			name = "[CP] Copy Pods Resources";
			outputPaths = (
			);
			runOnlyForDeploymentPostprocessing = 0;
			shellPath = /bin/sh;
			shellScript = "\"${SRCROOT}/Pods/Target Support Files/Pods-RxSwiftSampleTests/Pods-RxSwiftSampleTests-resources.sh\"\n";
			showEnvVarsInLog = 0;
		};
		A4578D3142CA9E4A8DA130DA /* [CP] Check Pods Manifest.lock */ = {
			isa = PBXShellScriptBuildPhase;
			buildActionMask = 2147483647;
			files = (
			);
			inputPaths = (
			);
			name = "[CP] Check Pods Manifest.lock";
			outputPaths = (
			);
			runOnlyForDeploymentPostprocessing = 0;
			shellPath = /bin/sh;
			shellScript = "diff \"${PODS_ROOT}/../Podfile.lock\" \"${PODS_ROOT}/Manifest.lock\" > /dev/null\nif [[ $? != 0 ]] ; then\n    cat << EOM\nerror: The sandbox is not in sync with the Podfile.lock. Run 'pod install' or update your CocoaPods installation.\nEOM\n    exit 1\nfi\n";
			showEnvVarsInLog = 0;
		};
		D341F39435D192F83CA1AAEE /* [CP] Embed Pods Frameworks */ = {
			isa = PBXShellScriptBuildPhase;
			buildActionMask = 2147483647;
			files = (
			);
			inputPaths = (
			);
			name = "[CP] Embed Pods Frameworks";
			outputPaths = (
			);
			runOnlyForDeploymentPostprocessing = 0;
			shellPath = /bin/sh;
			shellScript = "\"${SRCROOT}/Pods/Target Support Files/Pods-RxSwiftSampleTests/Pods-RxSwiftSampleTests-frameworks.sh\"\n";
			showEnvVarsInLog = 0;
		};
		F7C312CB414F6748EE0D6257 /* [CP] Check Pods Manifest.lock */ = {
			isa = PBXShellScriptBuildPhase;
			buildActionMask = 2147483647;
			files = (
			);
			inputPaths = (
			);
			name = "[CP] Check Pods Manifest.lock";
			outputPaths = (
			);
			runOnlyForDeploymentPostprocessing = 0;
			shellPath = /bin/sh;
			shellScript = "diff \"${PODS_ROOT}/../Podfile.lock\" \"${PODS_ROOT}/Manifest.lock\" > /dev/null\nif [[ $? != 0 ]] ; then\n    cat << EOM\nerror: The sandbox is not in sync with the Podfile.lock. Run 'pod install' or update your CocoaPods installation.\nEOM\n    exit 1\nfi\n";
			showEnvVarsInLog = 0;
		};
/* End PBXShellScriptBuildPhase section */

/* Begin PBXSourcesBuildPhase section */
		F4D102711DA8BBA9004504C0 /* Sources */ = {
			isa = PBXSourcesBuildPhase;
			buildActionMask = 2147483647;
			files = (
				F4D1027B1DA8BBA9004504C0 /* ViewController.swift in Sources */,
				F4D102791DA8BBA9004504C0 /* AppDelegate.swift in Sources */,
				F467C9831DAA4042007C88F3 /* TapQueue.swift in Sources */,
			);
			runOnlyForDeploymentPostprocessing = 0;
		};
		F4D102851DA8BBA9004504C0 /* Sources */ = {
			isa = PBXSourcesBuildPhase;
			buildActionMask = 2147483647;
			files = (
				F4D1028E1DA8BBA9004504C0 /* RxSwiftSampleTests.swift in Sources */,
			);
			runOnlyForDeploymentPostprocessing = 0;
		};
		F4D102901DA8BBA9004504C0 /* Sources */ = {
			isa = PBXSourcesBuildPhase;
			buildActionMask = 2147483647;
			files = (
				F4D102991DA8BBA9004504C0 /* RxSwiftSampleUITests.swift in Sources */,
			);
			runOnlyForDeploymentPostprocessing = 0;
		};
/* End PBXSourcesBuildPhase section */

/* Begin PBXTargetDependency section */
		F4D1028B1DA8BBA9004504C0 /* PBXTargetDependency */ = {
			isa = PBXTargetDependency;
			target = F4D102741DA8BBA9004504C0 /* RxSwiftSample */;
			targetProxy = F4D1028A1DA8BBA9004504C0 /* PBXContainerItemProxy */;
		};
		F4D102961DA8BBA9004504C0 /* PBXTargetDependency */ = {
			isa = PBXTargetDependency;
			target = F4D102741DA8BBA9004504C0 /* RxSwiftSample */;
			targetProxy = F4D102951DA8BBA9004504C0 /* PBXContainerItemProxy */;
		};
/* End PBXTargetDependency section */

/* Begin PBXVariantGroup section */
		F4D1027C1DA8BBA9004504C0 /* Main.storyboard */ = {
			isa = PBXVariantGroup;
			children = (
				F4D1027D1DA8BBA9004504C0 /* Base */,
			);
			name = Main.storyboard;
			sourceTree = "<group>";
		};
		F4D102811DA8BBA9004504C0 /* LaunchScreen.storyboard */ = {
			isa = PBXVariantGroup;
			children = (
				F4D102821DA8BBA9004504C0 /* Base */,
			);
			name = LaunchScreen.storyboard;
			sourceTree = "<group>";
		};
/* End PBXVariantGroup section */

/* Begin XCBuildConfiguration section */
		F4D1029B1DA8BBA9004504C0 /* Debug */ = {
			isa = XCBuildConfiguration;
			buildSettings = {
				ALWAYS_SEARCH_USER_PATHS = NO;
				CLANG_ANALYZER_NONNULL = YES;
				CLANG_CXX_LANGUAGE_STANDARD = "gnu++0x";
				CLANG_CXX_LIBRARY = "libc++";
				CLANG_ENABLE_MODULES = YES;
				CLANG_ENABLE_OBJC_ARC = YES;
				CLANG_WARN_BOOL_CONVERSION = YES;
				CLANG_WARN_CONSTANT_CONVERSION = YES;
				CLANG_WARN_DIRECT_OBJC_ISA_USAGE = YES_ERROR;
				CLANG_WARN_EMPTY_BODY = YES;
				CLANG_WARN_ENUM_CONVERSION = YES;
				CLANG_WARN_INT_CONVERSION = YES;
				CLANG_WARN_OBJC_ROOT_CLASS = YES_ERROR;
				CLANG_WARN_UNREACHABLE_CODE = YES;
				CLANG_WARN__DUPLICATE_METHOD_MATCH = YES;
				"CODE_SIGN_IDENTITY[sdk=iphoneos*]" = "iPhone Developer";
				COPY_PHASE_STRIP = NO;
				DEBUG_INFORMATION_FORMAT = dwarf;
				ENABLE_STRICT_OBJC_MSGSEND = YES;
				ENABLE_TESTABILITY = YES;
				GCC_C_LANGUAGE_STANDARD = gnu99;
				GCC_DYNAMIC_NO_PIC = NO;
				GCC_NO_COMMON_BLOCKS = YES;
				GCC_OPTIMIZATION_LEVEL = 0;
				GCC_PREPROCESSOR_DEFINITIONS = (
					"DEBUG=1",
					"$(inherited)",
				);
				GCC_WARN_64_TO_32_BIT_CONVERSION = YES;
				GCC_WARN_ABOUT_RETURN_TYPE = YES_ERROR;
				GCC_WARN_UNDECLARED_SELECTOR = YES;
				GCC_WARN_UNINITIALIZED_AUTOS = YES_AGGRESSIVE;
				GCC_WARN_UNUSED_FUNCTION = YES;
				GCC_WARN_UNUSED_VARIABLE = YES;
				IPHONEOS_DEPLOYMENT_TARGET = 9.3;
				MTL_ENABLE_DEBUG_INFO = YES;
				ONLY_ACTIVE_ARCH = YES;
				SDKROOT = iphoneos;
				SWIFT_OPTIMIZATION_LEVEL = "-Onone";
			};
			name = Debug;
		};
		F4D1029C1DA8BBA9004504C0 /* Release */ = {
			isa = XCBuildConfiguration;
			buildSettings = {
				ALWAYS_SEARCH_USER_PATHS = NO;
				CLANG_ANALYZER_NONNULL = YES;
				CLANG_CXX_LANGUAGE_STANDARD = "gnu++0x";
				CLANG_CXX_LIBRARY = "libc++";
				CLANG_ENABLE_MODULES = YES;
				CLANG_ENABLE_OBJC_ARC = YES;
				CLANG_WARN_BOOL_CONVERSION = YES;
				CLANG_WARN_CONSTANT_CONVERSION = YES;
				CLANG_WARN_DIRECT_OBJC_ISA_USAGE = YES_ERROR;
				CLANG_WARN_EMPTY_BODY = YES;
				CLANG_WARN_ENUM_CONVERSION = YES;
				CLANG_WARN_INT_CONVERSION = YES;
				CLANG_WARN_OBJC_ROOT_CLASS = YES_ERROR;
				CLANG_WARN_UNREACHABLE_CODE = YES;
				CLANG_WARN__DUPLICATE_METHOD_MATCH = YES;
				"CODE_SIGN_IDENTITY[sdk=iphoneos*]" = "iPhone Developer";
				COPY_PHASE_STRIP = NO;
				DEBUG_INFORMATION_FORMAT = "dwarf-with-dsym";
				ENABLE_NS_ASSERTIONS = NO;
				ENABLE_STRICT_OBJC_MSGSEND = YES;
				GCC_C_LANGUAGE_STANDARD = gnu99;
				GCC_NO_COMMON_BLOCKS = YES;
				GCC_WARN_64_TO_32_BIT_CONVERSION = YES;
				GCC_WARN_ABOUT_RETURN_TYPE = YES_ERROR;
				GCC_WARN_UNDECLARED_SELECTOR = YES;
				GCC_WARN_UNINITIALIZED_AUTOS = YES_AGGRESSIVE;
				GCC_WARN_UNUSED_FUNCTION = YES;
				GCC_WARN_UNUSED_VARIABLE = YES;
				IPHONEOS_DEPLOYMENT_TARGET = 9.3;
				MTL_ENABLE_DEBUG_INFO = NO;
				SDKROOT = iphoneos;
				VALIDATE_PRODUCT = YES;
			};
			name = Release;
		};
		F4D1029E1DA8BBA9004504C0 /* Debug */ = {
			isa = XCBuildConfiguration;
			baseConfigurationReference = BD2BF60A834C2615EB1CC1EC /* Pods-RxSwiftSample.debug.xcconfig */;
			buildSettings = {
				ASSETCATALOG_COMPILER_APPICON_NAME = AppIcon;
				INFOPLIST_FILE = RxSwiftSample/Info.plist;
				LD_RUNPATH_SEARCH_PATHS = "$(inherited) @executable_path/Frameworks";
				PRODUCT_BUNDLE_IDENTIFIER = com.grachro.RxSwiftSample;
				PRODUCT_NAME = "$(TARGET_NAME)";
			};
			name = Debug;
		};
		F4D1029F1DA8BBA9004504C0 /* Release */ = {
			isa = XCBuildConfiguration;
			baseConfigurationReference = 18DDD970175755E31E1F7B7A /* Pods-RxSwiftSample.release.xcconfig */;
			buildSettings = {
				ASSETCATALOG_COMPILER_APPICON_NAME = AppIcon;
				INFOPLIST_FILE = RxSwiftSample/Info.plist;
				LD_RUNPATH_SEARCH_PATHS = "$(inherited) @executable_path/Frameworks";
				PRODUCT_BUNDLE_IDENTIFIER = com.grachro.RxSwiftSample;
				PRODUCT_NAME = "$(TARGET_NAME)";
			};
			name = Release;
		};
		F4D102A11DA8BBA9004504C0 /* Debug */ = {
			isa = XCBuildConfiguration;
			baseConfigurationReference = A47BBC93719432A6BBDBBDCD /* Pods-RxSwiftSampleTests.debug.xcconfig */;
			buildSettings = {
				BUNDLE_LOADER = "$(TEST_HOST)";
				INFOPLIST_FILE = RxSwiftSampleTests/Info.plist;
				LD_RUNPATH_SEARCH_PATHS = "$(inherited) @executable_path/Frameworks @loader_path/Frameworks";
				PRODUCT_BUNDLE_IDENTIFIER = com.grachro.RxSwiftSampleTests;
				PRODUCT_NAME = "$(TARGET_NAME)";
				TEST_HOST = "$(BUILT_PRODUCTS_DIR)/RxSwiftSample.app/RxSwiftSample";
			};
			name = Debug;
		};
		F4D102A21DA8BBA9004504C0 /* Release */ = {
			isa = XCBuildConfiguration;
			baseConfigurationReference = 23A86710A63412467AD4F8B0 /* Pods-RxSwiftSampleTests.release.xcconfig */;
			buildSettings = {
				BUNDLE_LOADER = "$(TEST_HOST)";
				INFOPLIST_FILE = RxSwiftSampleTests/Info.plist;
				LD_RUNPATH_SEARCH_PATHS = "$(inherited) @executable_path/Frameworks @loader_path/Frameworks";
				PRODUCT_BUNDLE_IDENTIFIER = com.grachro.RxSwiftSampleTests;
				PRODUCT_NAME = "$(TARGET_NAME)";
				TEST_HOST = "$(BUILT_PRODUCTS_DIR)/RxSwiftSample.app/RxSwiftSample";
			};
			name = Release;
		};
		F4D102A41DA8BBA9004504C0 /* Debug */ = {
			isa = XCBuildConfiguration;
			baseConfigurationReference = 4B120C931F3F8242DA6B80CB /* Pods-RxSwiftSampleUITests.debug.xcconfig */;
			buildSettings = {
				INFOPLIST_FILE = RxSwiftSampleUITests/Info.plist;
				LD_RUNPATH_SEARCH_PATHS = "$(inherited) @executable_path/Frameworks @loader_path/Frameworks";
				PRODUCT_BUNDLE_IDENTIFIER = com.grachro.RxSwiftSampleUITests;
				PRODUCT_NAME = "$(TARGET_NAME)";
				TEST_TARGET_NAME = RxSwiftSample;
			};
			name = Debug;
		};
		F4D102A51DA8BBA9004504C0 /* Release */ = {
			isa = XCBuildConfiguration;
			baseConfigurationReference = E0487B0BC8A65190263E8A76 /* Pods-RxSwiftSampleUITests.release.xcconfig */;
			buildSettings = {
				INFOPLIST_FILE = RxSwiftSampleUITests/Info.plist;
				LD_RUNPATH_SEARCH_PATHS = "$(inherited) @executable_path/Frameworks @loader_path/Frameworks";
				PRODUCT_BUNDLE_IDENTIFIER = com.grachro.RxSwiftSampleUITests;
				PRODUCT_NAME = "$(TARGET_NAME)";
				TEST_TARGET_NAME = RxSwiftSample;
			};
			name = Release;
		};
/* End XCBuildConfiguration section */

/* Begin XCConfigurationList section */
		F4D102701DA8BBA9004504C0 /* Build configuration list for PBXProject "RxSwiftSample" */ = {
			isa = XCConfigurationList;
			buildConfigurations = (
				F4D1029B1DA8BBA9004504C0 /* Debug */,
				F4D1029C1DA8BBA9004504C0 /* Release */,
			);
			defaultConfigurationIsVisible = 0;
			defaultConfigurationName = Release;
		};
		F4D1029D1DA8BBA9004504C0 /* Build configuration list for PBXNativeTarget "RxSwiftSample" */ = {
			isa = XCConfigurationList;
			buildConfigurations = (
				F4D1029E1DA8BBA9004504C0 /* Debug */,
				F4D1029F1DA8BBA9004504C0 /* Release */,
			);
			defaultConfigurationIsVisible = 0;
			defaultConfigurationName = Release;
		};
		F4D102A01DA8BBA9004504C0 /* Build configuration list for PBXNativeTarget "RxSwiftSampleTests" */ = {
			isa = XCConfigurationList;
			buildConfigurations = (
				F4D102A11DA8BBA9004504C0 /* Debug */,
				F4D102A21DA8BBA9004504C0 /* Release */,
			);
			defaultConfigurationIsVisible = 0;
			defaultConfigurationName = Release;
		};
		F4D102A31DA8BBA9004504C0 /* Build configuration list for PBXNativeTarget "RxSwiftSampleUITests" */ = {
			isa = XCConfigurationList;
			buildConfigurations = (
				F4D102A41DA8BBA9004504C0 /* Debug */,
				F4D102A51DA8BBA9004504C0 /* Release */,
			);
			defaultConfigurationIsVisible = 0;
			defaultConfigurationName = Release;
		};
/* End XCConfigurationList section */
	};
	rootObject = F4D1026D1DA8BBA9004504C0 /* Project object */;
}
